
Microsoft Visual Studio Solution File, Format Version 12.00
# Visual Studio Version 16
VisualStudioVersion = 16.0.32929.386
MinimumVisualStudioVersion = 10.0.40219.1
Project("{FAE04EC0-301F-11D3-BF4B-00C04F79EFBC}") = "Client", "Client\Client.csproj", "{4FB5A080-2050-4076-9AC1-CFC3F2BAAF54}"
EndProject
Project("{FAE04EC0-301F-11D3-BF4B-00C04F79EFBC}") = "SocketServer", "SocketServer\SocketServer.csproj", "{0ECEE6DD-276C-4209-AE52-D40F6C047897}"
EndProject
Global
	GlobalSection(SolutionConfigurationPlatforms) = preSolution
		Debug|Any CPU = Debug|Any CPU
		Release|Any CPU = Release|Any CPU
	EndGlobalSection
	GlobalSection(ProjectConfigurationPlatforms) = postSolution
		{4FB5A080-2050-4076-9AC1-CFC3F2BAAF54}.Debug|Any CPU.ActiveCfg = Debug|Any CPU
		{4FB5A080-2050-4076-9AC1-CFC3F2BAAF54}.Debug|Any CPU.Build.0 = Debug|Any CPU
		{4FB5A080-2050-4076-9AC1-CFC3F2BAAF54}.Release|Any CPU.ActiveCfg = Release|Any CPU
		{4FB5A080-2050-4076-9AC1-CFC3F2BAAF54}.Release|Any CPU.Build.0 = Release|Any CPU
		{0ECEE6DD-276C-4209-AE52-D40F6C047897}.Debug|Any CPU.ActiveCfg = Debug|Any CPU
		{0ECEE6DD-276C-4209-AE52-D40F6C047897}.Debug|Any CPU.Build.0 = Debug|Any CPU
		{0ECEE6DD-276C-4209-AE52-D40F6C047897}.Release|Any CPU.ActiveCfg = Release|Any CPU
		{0ECEE6DD-276C-4209-AE52-D40F6C047897}.Release|Any CPU.Build.0 = Release|Any CPU
	EndGlobalSection
	GlobalSection(SolutionProperties) = preSolution
		HideSolutionNode = FALSE
	EndGlobalSection
	GlobalSection(ExtensibilityGlobals) = postSolution
		SolutionGuid = {DBFD4C2E-71E0-4AB1-8A9D-E794FB7C35DE}
	EndGlobalSection
EndGlobal
